
Microsoft Visual Studio Solution File, Format Version 12.00
# Visual Studio Version 17
VisualStudioVersion = 17.7.34221.43
MinimumVisualStudioVersion = 10.0.40219.1
Project("{FAE04EC0-301F-11D3-BF4B-00C04F79EFBC}") = "ProtonMailQAAuto", "ProtonMailQAAuto.csproj", "{FD3883BA-E745-4E82-B3CA-2F6A4D88BDC0}"
EndProject
Project("{FAE04EC0-301F-11D3-BF4B-00C04F79EFBC}") = "ProtonMailUnitTestsQAAuto", "..\ProtonMailUnitTestsQAAuto\ProtonMailUnitTestsQAAuto.csproj", "{505FEB90-5818-4943-8886-1406B08D36A7}"
EndProject
Global
	GlobalSection(SolutionConfigurationPlatforms) = preSolution
		Debug|Any CPU = Debug|Any CPU
		Release|Any CPU = Release|Any CPU
	EndGlobalSection
	GlobalSection(ProjectConfigurationPlatforms) = postSolution
		{FD3883BA-E745-4E82-B3CA-2F6A4D88BDC0}.Debug|Any CPU.ActiveCfg = Debug|Any CPU
		{FD3883BA-E745-4E82-B3CA-2F6A4D88BDC0}.Debug|Any CPU.Build.0 = Debug|Any CPU
		{FD3883BA-E745-4E82-B3CA-2F6A4D88BDC0}.Release|Any CPU.ActiveCfg = Release|Any CPU
		{FD3883BA-E745-4E82-B3CA-2F6A4D88BDC0}.Release|Any CPU.Build.0 = Release|Any CPU
		{505FEB90-5818-4943-8886-1406B08D36A7}.Debug|Any CPU.ActiveCfg = Debug|Any CPU
		{505FEB90-5818-4943-8886-1406B08D36A7}.Debug|Any CPU.Build.0 = Debug|Any CPU
		{505FEB90-5818-4943-8886-1406B08D36A7}.Release|Any CPU.ActiveCfg = Release|Any CPU
		{505FEB90-5818-4943-8886-1406B08D36A7}.Release|Any CPU.Build.0 = Release|Any CPU
	EndGlobalSection
	GlobalSection(SolutionProperties) = preSolution
		HideSolutionNode = FALSE
	EndGlobalSection
	GlobalSection(ExtensibilityGlobals) = postSolution
		SolutionGuid = {83D11FA5-BCD0-4785-88D9-5FCBD5D3B04D}
	EndGlobalSection
EndGlobal
